
Microsoft Visual Studio Solution File, Format Version 12.00
# Visual Studio Version 17
VisualStudioVersion = 17.9.34728.123
MinimumVisualStudioVersion = 10.0.40219.1
Project("{9A19103F-16F7-4668-BE54-9A1E7A4F7556}") = "Domain", "Domain\Domain.csproj", "{0857BF2D-CDC8-4773-862C-11D71342D74F}"
EndProject
Project("{9A19103F-16F7-4668-BE54-9A1E7A4F7556}") = "Application", "Application\Application.csproj", "{B061CCF4-7211-4DD0-A18A-29DFE4A4DE53}"
EndProject
Project("{9A19103F-16F7-4668-BE54-9A1E7A4F7556}") = "Infrastructure", "Infrastructure\Infrastructure.csproj", "{5A05F57D-CC82-4A6E-BE37-18402DEDFBC1}"
EndProject
Project("{9A19103F-16F7-4668-BE54-9A1E7A4F7556}") = "Presentation", "Presentation\Presentation.csproj", "{EBE7F0B1-A9C3-4761-A40C-FEA0EFF83306}"
EndProject
Project("{9A19103F-16F7-4668-BE54-9A1E7A4F7556}") = "WebApi", "WebApi\WebApi.csproj", "{86F88398-DCFC-4A66-80F1-163499135905}"
EndProject
Project("{2150E333-8FDC-42A3-9474-1A3956D46DE8}") = "Documents", "Documents", "{948EFFF6-5765-4639-8FBD-219693CADA16}"
	ProjectSection(SolutionItems) = preProject
		Eventify.drawio = Eventify.drawio
		Requirements.txt = Requirements.txt
		Eventify.png = Eventify.png
	EndProjectSection
EndProject
Global
	GlobalSection(SolutionConfigurationPlatforms) = preSolution
		Debug|Any CPU = Debug|Any CPU
		Release|Any CPU = Release|Any CPU
	EndGlobalSection
	GlobalSection(ProjectConfigurationPlatforms) = postSolution
		{0857BF2D-CDC8-4773-862C-11D71342D74F}.Debug|Any CPU.ActiveCfg = Debug|Any CPU
		{0857BF2D-CDC8-4773-862C-11D71342D74F}.Debug|Any CPU.Build.0 = Debug|Any CPU
		{0857BF2D-CDC8-4773-862C-11D71342D74F}.Release|Any CPU.ActiveCfg = Release|Any CPU
		{0857BF2D-CDC8-4773-862C-11D71342D74F}.Release|Any CPU.Build.0 = Release|Any CPU
		{B061CCF4-7211-4DD0-A18A-29DFE4A4DE53}.Debug|Any CPU.ActiveCfg = Debug|Any CPU
		{B061CCF4-7211-4DD0-A18A-29DFE4A4DE53}.Debug|Any CPU.Build.0 = Debug|Any CPU
		{B061CCF4-7211-4DD0-A18A-29DFE4A4DE53}.Release|Any CPU.ActiveCfg = Release|Any CPU
		{B061CCF4-7211-4DD0-A18A-29DFE4A4DE53}.Release|Any CPU.Build.0 = Release|Any CPU
		{5A05F57D-CC82-4A6E-BE37-18402DEDFBC1}.Debug|Any CPU.ActiveCfg = Debug|Any CPU
		{5A05F57D-CC82-4A6E-BE37-18402DEDFBC1}.Debug|Any CPU.Build.0 = Debug|Any CPU
		{5A05F57D-CC82-4A6E-BE37-18402DEDFBC1}.Release|Any CPU.ActiveCfg = Release|Any CPU
		{5A05F57D-CC82-4A6E-BE37-18402DEDFBC1}.Release|Any CPU.Build.0 = Release|Any CPU
		{EBE7F0B1-A9C3-4761-A40C-FEA0EFF83306}.Debug|Any CPU.ActiveCfg = Debug|Any CPU
		{EBE7F0B1-A9C3-4761-A40C-FEA0EFF83306}.Debug|Any CPU.Build.0 = Debug|Any CPU
		{EBE7F0B1-A9C3-4761-A40C-FEA0EFF83306}.Release|Any CPU.ActiveCfg = Release|Any CPU
		{EBE7F0B1-A9C3-4761-A40C-FEA0EFF83306}.Release|Any CPU.Build.0 = Release|Any CPU
		{86F88398-DCFC-4A66-80F1-163499135905}.Debug|Any CPU.ActiveCfg = Debug|Any CPU
		{86F88398-DCFC-4A66-80F1-163499135905}.Debug|Any CPU.Build.0 = Debug|Any CPU
		{86F88398-DCFC-4A66-80F1-163499135905}.Release|Any CPU.ActiveCfg = Release|Any CPU
		{86F88398-DCFC-4A66-80F1-163499135905}.Release|Any CPU.Build.0 = Release|Any CPU
	EndGlobalSection
	GlobalSection(SolutionProperties) = preSolution
		HideSolutionNode = FALSE
	EndGlobalSection
	GlobalSection(ExtensibilityGlobals) = postSolution
		SolutionGuid = {0ABEC0B4-EAAD-4602-B319-C7A6FD6F1681}
	EndGlobalSection
EndGlobal
